
Microsoft Visual Studio Solution File, Format Version 12.00
# Visual Studio Version 16
VisualStudioVersion = 16.0.31112.23
MinimumVisualStudioVersion = 10.0.40219.1
Project("{9A19103F-16F7-4668-BE54-9A1E7A4F7556}") = "WorkingDaysChecker", "WorkingDaysChecker\WorkingDaysChecker.csproj", "{8D6F9DA7-9CBF-4A55-B029-E60339C4E551}"
EndProject
Project("{9A19103F-16F7-4668-BE54-9A1E7A4F7556}") = "WorkingDaysCheckerMethods", "WorkingDaysCheckerMethods\WorkingDaysCheckerMethods.csproj", "{8217EA6B-86B9-4B3B-BA5A-CACD121E9376}"
EndProject
Global
	GlobalSection(SolutionConfigurationPlatforms) = preSolution
		Debug|Any CPU = Debug|Any CPU
		Release|Any CPU = Release|Any CPU
	EndGlobalSection
	GlobalSection(ProjectConfigurationPlatforms) = postSolution
		{8D6F9DA7-9CBF-4A55-B029-E60339C4E551}.Debug|Any CPU.ActiveCfg = Debug|Any CPU
		{8D6F9DA7-9CBF-4A55-B029-E60339C4E551}.Debug|Any CPU.Build.0 = Debug|Any CPU
		{8D6F9DA7-9CBF-4A55-B029-E60339C4E551}.Release|Any CPU.ActiveCfg = Release|Any CPU
		{8D6F9DA7-9CBF-4A55-B029-E60339C4E551}.Release|Any CPU.Build.0 = Release|Any CPU
		{8217EA6B-86B9-4B3B-BA5A-CACD121E9376}.Debug|Any CPU.ActiveCfg = Debug|Any CPU
		{8217EA6B-86B9-4B3B-BA5A-CACD121E9376}.Debug|Any CPU.Build.0 = Debug|Any CPU
		{8217EA6B-86B9-4B3B-BA5A-CACD121E9376}.Release|Any CPU.ActiveCfg = Release|Any CPU
		{8217EA6B-86B9-4B3B-BA5A-CACD121E9376}.Release|Any CPU.Build.0 = Release|Any CPU
	EndGlobalSection
	GlobalSection(SolutionProperties) = preSolution
		HideSolutionNode = FALSE
	EndGlobalSection
	GlobalSection(ExtensibilityGlobals) = postSolution
		SolutionGuid = {EF7EEFF8-56AF-4261-8898-37869EE85660}
	EndGlobalSection
EndGlobal
